
Microsoft Visual Studio Solution File, Format Version 12.00
# Visual Studio Version 16
VisualStudioVersion = 16.0.30413.136
MinimumVisualStudioVersion = 10.0.40219.1
Project("{FAE04EC0-301F-11D3-BF4B-00C04F79EFBC}") = "Runner Game", "Runner Game.csproj", "{B1D19774-F372-440D-8AB8-F2566F4A9F86}"
EndProject
Global
	GlobalSection(SolutionConfigurationPlatforms) = preSolution
		Debug|Any CPU = Debug|Any CPU
		Release|Any CPU = Release|Any CPU
	EndGlobalSection
	GlobalSection(ProjectConfigurationPlatforms) = postSolution
		{B1D19774-F372-440D-8AB8-F2566F4A9F86}.Debug|Any CPU.ActiveCfg = Debug|Any CPU
		{B1D19774-F372-440D-8AB8-F2566F4A9F86}.Debug|Any CPU.Build.0 = Debug|Any CPU
		{B1D19774-F372-440D-8AB8-F2566F4A9F86}.Release|Any CPU.ActiveCfg = Release|Any CPU
		{B1D19774-F372-440D-8AB8-F2566F4A9F86}.Release|Any CPU.Build.0 = Release|Any CPU
	EndGlobalSection
	GlobalSection(SolutionProperties) = preSolution
		HideSolutionNode = FALSE
	EndGlobalSection
	GlobalSection(ExtensibilityGlobals) = postSolution
		SolutionGuid = {78116B71-7AB8-4F60-88B1-D78ABF259E68}
	EndGlobalSection
EndGlobal
